
Microsoft Visual Studio Solution File, Format Version 12.00
# Visual Studio Version 16
VisualStudioVersion = 16.0.29728.190
MinimumVisualStudioVersion = 10.0.40219.1
Project("{FAE04EC0-301F-11D3-BF4B-00C04F79EFBC}") = "Azure-dev-webapi", "Azure-dev-webapi\Azure-dev-webapi.csproj", "{281821C7-963E-4A6A-BEF7-EC7C3306929B}"
EndProject
Global
	GlobalSection(SolutionConfigurationPlatforms) = preSolution
		Debug|Any CPU = Debug|Any CPU
		Release|Any CPU = Release|Any CPU
	EndGlobalSection
	GlobalSection(ProjectConfigurationPlatforms) = postSolution
		{281821C7-963E-4A6A-BEF7-EC7C3306929B}.Debug|Any CPU.ActiveCfg = Debug|Any CPU
		{281821C7-963E-4A6A-BEF7-EC7C3306929B}.Debug|Any CPU.Build.0 = Debug|Any CPU
		{281821C7-963E-4A6A-BEF7-EC7C3306929B}.Release|Any CPU.ActiveCfg = Release|Any CPU
		{281821C7-963E-4A6A-BEF7-EC7C3306929B}.Release|Any CPU.Build.0 = Release|Any CPU
	EndGlobalSection
	GlobalSection(SolutionProperties) = preSolution
		HideSolutionNode = FALSE
	EndGlobalSection
	GlobalSection(ExtensibilityGlobals) = postSolution
		SolutionGuid = {E6D61998-B96D-48FB-A527-B6DE1E6EE559}
	EndGlobalSection
EndGlobal
